
Microsoft Visual Studio Solution File, Format Version 12.00
Project("{FAE04EC0-301F-11D3-BF4B-00C04F79EFBC}") = "inmind-Session3p1", "inmind-Session3p1\inmind-Session3p1.csproj", "{B314A31C-F611-42F8-B7DF-58CC458B2529}"
EndProject
Global
	GlobalSection(SolutionConfigurationPlatforms) = preSolution
		Debug|Any CPU = Debug|Any CPU
		Release|Any CPU = Release|Any CPU
	EndGlobalSection
	GlobalSection(ProjectConfigurationPlatforms) = postSolution
		{B314A31C-F611-42F8-B7DF-58CC458B2529}.Debug|Any CPU.ActiveCfg = Debug|Any CPU
		{B314A31C-F611-42F8-B7DF-58CC458B2529}.Debug|Any CPU.Build.0 = Debug|Any CPU
		{B314A31C-F611-42F8-B7DF-58CC458B2529}.Release|Any CPU.ActiveCfg = Release|Any CPU
		{B314A31C-F611-42F8-B7DF-58CC458B2529}.Release|Any CPU.Build.0 = Release|Any CPU
	EndGlobalSection
EndGlobal
